
Microsoft Visual Studio Solution File, Format Version 12.00
# Visual Studio 15
VisualStudioVersion = 15.0.27130.2036
MinimumVisualStudioVersion = 10.0.40219.1
Project("{F2A71F9B-5D33-465A-A702-920D77279786}") = "NaiveStringBuilding", "NaiveStringBuilding\NaiveStringBuilding.fsproj", "{093A2AB7-33D7-47DE-863C-C0CAE41C1824}"
EndProject
Global
	GlobalSection(SolutionConfigurationPlatforms) = preSolution
		Debug|Any CPU = Debug|Any CPU
		Release|Any CPU = Release|Any CPU
	EndGlobalSection
	GlobalSection(ProjectConfigurationPlatforms) = postSolution
		{093A2AB7-33D7-47DE-863C-C0CAE41C1824}.Debug|Any CPU.ActiveCfg = Debug|Any CPU
		{093A2AB7-33D7-47DE-863C-C0CAE41C1824}.Debug|Any CPU.Build.0 = Debug|Any CPU
		{093A2AB7-33D7-47DE-863C-C0CAE41C1824}.Release|Any CPU.ActiveCfg = Release|Any CPU
		{093A2AB7-33D7-47DE-863C-C0CAE41C1824}.Release|Any CPU.Build.0 = Release|Any CPU
	EndGlobalSection
	GlobalSection(SolutionProperties) = preSolution
		HideSolutionNode = FALSE
	EndGlobalSection
	GlobalSection(ExtensibilityGlobals) = postSolution
		SolutionGuid = {22ECC322-1B29-4F2B-AB3D-9CEA5AF1B0C2}
	EndGlobalSection
EndGlobal
