
Microsoft Visual Studio Solution File, Format Version 12.00
# Visual Studio 15
VisualStudioVersion = 15.0.27130.2036
MinimumVisualStudioVersion = 10.0.40219.1
Project("{F2A71F9B-5D33-465A-A702-920D77279786}") = "MassDownloadAsync", "MassDownloadAsync\MassDownloadAsync.fsproj", "{05D5B81F-2024-4693-8419-59E271115E33}"
EndProject
Global
	GlobalSection(SolutionConfigurationPlatforms) = preSolution
		Debug|Any CPU = Debug|Any CPU
		Release|Any CPU = Release|Any CPU
	EndGlobalSection
	GlobalSection(ProjectConfigurationPlatforms) = postSolution
		{05D5B81F-2024-4693-8419-59E271115E33}.Debug|Any CPU.ActiveCfg = Debug|Any CPU
		{05D5B81F-2024-4693-8419-59E271115E33}.Debug|Any CPU.Build.0 = Debug|Any CPU
		{05D5B81F-2024-4693-8419-59E271115E33}.Release|Any CPU.ActiveCfg = Release|Any CPU
		{05D5B81F-2024-4693-8419-59E271115E33}.Release|Any CPU.Build.0 = Release|Any CPU
	EndGlobalSection
	GlobalSection(SolutionProperties) = preSolution
		HideSolutionNode = FALSE
	EndGlobalSection
	GlobalSection(ExtensibilityGlobals) = postSolution
		SolutionGuid = {89374E26-64FE-4CB1-8320-2D63B3E66970}
	EndGlobalSection
EndGlobal
